// !$*UTF8*$!
{
	archiveVersion = 1;
	classes = {
	};
	objectVersion = 50;
	objects = {

/* Begin PBXBuildFile section */
		28A6281E23E41EF70069463A /* AppDelegate.swift in Sources */ = {isa = PBXBuildFile; fileRef = 28A6281D23E41EF70069463A /* AppDelegate.swift */; };
		28A6282023E41EF70069463A /* SceneDelegate.swift in Sources */ = {isa = PBXBuildFile; fileRef = 28A6281F23E41EF70069463A /* SceneDelegate.swift */; };
		28A6282223E41EF70069463A /* ViewController.swift in Sources */ = {isa = PBXBuildFile; fileRef = 28A6282123E41EF70069463A /* ViewController.swift */; };
		28A6282523E41EF70069463A /* Main.storyboard in Resources */ = {isa = PBXBuildFile; fileRef = 28A6282323E41EF70069463A /* Main.storyboard */; };
		28A6282723E41EFA0069463A /* Assets.xcassets in Resources */ = {isa = PBXBuildFile; fileRef = 28A6282623E41EFA0069463A /* Assets.xcassets */; };
		28A6282A23E41EFA0069463A /* LaunchScreen.storyboard in Resources */ = {isa = PBXBuildFile; fileRef = 28A6282823E41EFA0069463A /* LaunchScreen.storyboard */; };
		28D6B8B323E5C4740024DB3C /* lamp_on.png in Resources */ = {isa = PBXBuildFile; fileRef = 28D6B8B123E5C4730024DB3C /* lamp_on.png */; };
		28D6B8B423E5C4740024DB3C /* lamp_off.png in Resources */ = {isa = PBXBuildFile; fileRef = 28D6B8B223E5C4730024DB3C /* lamp_off.png */; };
/* End PBXBuildFile section */

/* Begin PBXFileReference section */
		28A6281A23E41EF70069463A /* imageview-practice.app */ = {isa = PBXFileReference; explicitFileType = wrapper.application; includeInIndex = 0; path = "imageview-practice.app"; sourceTree = BUILT_PRODUCTS_DIR; };
		28A6281D23E41EF70069463A /* AppDelegate.swift */ = {isa = PBXFileReference; lastKnownFileType = sourcecode.swift; path = AppDelegate.swift; sourceTree = "<group>"; };
		28A6281F23E41EF70069463A /* SceneDelegate.swift */ = {isa = PBXFileReference; lastKnownFileType = sourcecode.swift; path = SceneDelegate.swift; sourceTree = "<group>"; };
		28A6282123E41EF70069463A /* ViewController.swift */ = {isa = PBXFileReference; lastKnownFileType = sourcecode.swift; path = ViewController.swift; sourceTree = "<group>"; };
		28A6282423E41EF70069463A /* Base */ = {isa = PBXFileReference; lastKnownFileType = file.storyboard; name = Base; path = Base.lproj/Main.storyboard; sourceTree = "<group>"; };
		28A6282623E41EFA0069463A /* Assets.xcassets */ = {isa = PBXFileReference; lastKnownFileType = folder.assetcatalog; path = Assets.xcassets; sourceTree = "<group>"; };
		28A6282923E41EFA0069463A /* Base */ = {isa = PBXFileReference; lastKnownFileType = file.storyboard; name = Base; path = Base.lproj/LaunchScreen.storyboard; sourceTree = "<group>"; };
		28A6282B23E41EFA0069463A /* Info.plist */ = {isa = PBXFileReference; lastKnownFileType = text.plist.xml; path = Info.plist; sourceTree = "<group>"; };
		28D6B8B123E5C4730024DB3C /* lamp_on.png */ = {isa = PBXFileReference; lastKnownFileType = image.png; path = lamp_on.png; sourceTree = "<group>"; };
		28D6B8B223E5C4730024DB3C /* lamp_off.png */ = {isa = PBXFileReference; lastKnownFileType = image.png; path = lamp_off.png; sourceTree = "<group>"; };
/* End PBXFileReference section */

/* Begin PBXFrameworksBuildPhase section */
		28A6281723E41EF70069463A /* Frameworks */ = {
			isa = PBXFrameworksBuildPhase;
			buildActionMask = 2147483647;
			files = (
			);
			runOnlyForDeploymentPostprocessing = 0;
		};
/* End PBXFrameworksBuildPhase section */

/* Begin PBXGroup section */
		28A6281123E41EF70069463A = {
			isa = PBXGroup;
			children = (
				28A6281C23E41EF70069463A /* imageview-practice */,
				28A6281B23E41EF70069463A /* Products */,
			);
			sourceTree = "<group>";
		};
		28A6281B23E41EF70069463A /* Products */ = {
			isa = PBXGroup;
			children = (
				28A6281A23E41EF70069463A /* imageview-practice.app */,
			);
			name = Products;
			sourceTree = "<group>";
		};
		28A6281C23E41EF70069463A /* imageview-practice */ = {
			isa = PBXGroup;
			children = (
				28D6B8B223E5C4730024DB3C /* lamp_off.png */,
				28D6B8B123E5C4730024DB3C /* lamp_on.png */,
				28A6281D23E41EF70069463A /* AppDelegate.swift */,
				28A6281F23E41EF70069463A /* SceneDelegate.swift */,
				28A6282123E41EF70069463A /* ViewController.swift */,
				28A6282323E41EF70069463A /* Main.storyboard */,
				28A6282623E41EFA0069463A /* Assets.xcassets */,
				28A6282823E41EFA0069463A /* LaunchScreen.storyboard */,
				28A6282B23E41EFA0069463A /* Info.plist */,
			);
			path = "imageview-practice";
			sourceTree = "<group>";
		};
/* End PBXGroup section */

/* Begin PBXNativeTarget section */
		28A6281923E41EF70069463A /* imageview-practice */ = {
			isa = PBXNativeTarget;
			buildConfigurationList = 28A6282E23E41EFA0069463A /* Build configuration list for PBXNativeTarget "imageview-practice" */;
			buildPhases = (
				28A6281623E41EF70069463A /* Sources */,
				28A6281723E41EF70069463A /* Frameworks */,
				28A6281823E41EF70069463A /* Resources */,
			);
			buildRules = (
			);
			dependencies = (
			);
			name = "imageview-practice";
			productName = "imageview-practice";
			productReference = 28A6281A23E41EF70069463A /* imageview-practice.app */;
			productType = "com.apple.product-type.application";
		};
/* End PBXNativeTarget section */

/* Begin PBXProject section */
		28A6281223E41EF70069463A /* Project object */ = {
			isa = PBXProject;
			attributes = {
				LastSwiftUpdateCheck = 1110;
				LastUpgradeCheck = 1110;
				ORGANIZATIONNAME = skfo763;
				TargetAttributes = {
					28A6281923E41EF70069463A = {
						CreatedOnToolsVersion = 11.1;
					};
				};
			};
			buildConfigurationList = 28A6281523E41EF70069463A /* Build configuration list for PBXProject "imageview-practice" */;
			compatibilityVersion = "Xcode 9.3";
			developmentRegion = en;
			hasScannedForEncodings = 0;
			knownRegions = (
				en,
				Base,
			);
			mainGroup = 28A6281123E41EF70069463A;
			productRefGroup = 28A6281B23E41EF70069463A /* Products */;
			projectDirPath = "";
			projectRoot = "";
			targets = (
				28A6281923E41EF70069463A /* imageview-practice */,
			);
		};
/* End PBXProject section */

/* Begin PBXResourcesBuildPhase section */
		28A6281823E41EF70069463A /* Resources */ = {
			isa = PBXResourcesBuildPhase;
			buildActionMask = 2147483647;
			files = (
				28D6B8B323E5C4740024DB3C /* lamp_on.png in Resources */,
				28A6282A23E41EFA0069463A /* LaunchScreen.storyboard in Resources */,
				28D6B8B423E5C4740024DB3C /* lamp_off.png in Resources */,
				28A6282723E41EFA0069463A /* Assets.xcassets in Resources */,
				28A6282523E41EF70069463A /* Main.storyboard in Resources */,
			);
			runOnlyForDeploymentPostprocessing = 0;
		};
/* End PBXResourcesBuildPhase section */

/* Begin PBXSourcesBuildPhase section */
		28A6281623E41EF70069463A /* Sources */ = {
			isa = PBXSourcesBuildPhase;
			buildActionMask = 2147483647;
			files = (
				28A6282223E41EF70069463A /* ViewController.swift in Sources */,
				28A6281E23E41EF70069463A /* AppDelegate.swift in Sources */,
				28A6282023E41EF70069463A /* SceneDelegate.swift in Sources */,
			);
			runOnlyForDeploymentPostprocessing = 0;
		};
/* End PBXSourcesBuildPhase section */

/* Begin PBXVariantGroup section */
		28A6282323E41EF70069463A /* Main.storyboard */ = {
			isa = PBXVariantGroup;
			children = (
				28A6282423E41EF70069463A /* Base */,
			);
			name = Main.storyboard;
			sourceTree = "<group>";
		};
		28A6282823E41EFA0069463A /* LaunchScreen.storyboard */ = {
			isa = PBXVariantGroup;
			children = (
				28A6282923E41EFA0069463A /* Base */,
			);
			name = LaunchScreen.storyboard;
			sourceTree = "<group>";
		};
/* End PBXVariantGroup section */

/* Begin XCBuildConfiguration section */
		28A6282C23E41EFA0069463A /* Debug */ = {
			isa = XCBuildConfiguration;
			buildSettings = {
				ALWAYS_SEARCH_USER_PATHS = NO;
				CLANG_ANALYZER_NONNULL = YES;
				CLANG_ANALYZER_NUMBER_OBJECT_CONVERSION = YES_AGGRESSIVE;
				CLANG_CXX_LANGUAGE_STANDARD = "gnu++14";
				CLANG_CXX_LIBRARY = "libc++";
				CLANG_ENABLE_MODULES = YES;
				CLANG_ENABLE_OBJC_ARC = YES;
				CLANG_ENABLE_OBJC_WEAK = YES;
				CLANG_WARN_BLOCK_CAPTURE_AUTORELEASING = YES;
				CLANG_WARN_BOOL_CONVERSION = YES;
				CLANG_WARN_COMMA = YES;
				CLANG_WARN_CONSTANT_CONVERSION = YES;
				CLANG_WARN_DEPRECATED_OBJC_IMPLEMENTATIONS = YES;
				CLANG_WARN_DIRECT_OBJC_ISA_USAGE = YES_ERROR;
				CLANG_WARN_DOCUMENTATION_COMMENTS = YES;
				CLANG_WARN_EMPTY_BODY = YES;
				CLANG_WARN_ENUM_CONVERSION = YES;
				CLANG_WARN_INFINITE_RECURSION = YES;
				CLANG_WARN_INT_CONVERSION = YES;
				CLANG_WARN_NON_LITERAL_NULL_CONVERSION = YES;
				CLANG_WARN_OBJC_IMPLICIT_RETAIN_SELF = YES;
				CLANG_WARN_OBJC_LITERAL_CONVERSION = YES;
				CLANG_WARN_OBJC_ROOT_CLASS = YES_ERROR;
				CLANG_WARN_RANGE_LOOP_ANALYSIS = YES;
				CLANG_WARN_STRICT_PROTOTYPES = YES;
				CLANG_WARN_SUSPICIOUS_MOVE = YES;
				CLANG_WARN_UNGUARDED_AVAILABILITY = YES_AGGRESSIVE;
				CLANG_WARN_UNREACHABLE_CODE = YES;
				CLANG_WARN__DUPLICATE_METHOD_MATCH = YES;
				COPY_PHASE_STRIP = NO;
				DEBUG_INFORMATION_FORMAT = dwarf;
				ENABLE_STRICT_OBJC_MSGSEND = YES;
				ENABLE_TESTABILITY = YES;
				GCC_C_LANGUAGE_STANDARD = gnu11;
				GCC_DYNAMIC_NO_PIC = NO;
				GCC_NO_COMMON_BLOCKS = YES;
				GCC_OPTIMIZATION_LEVEL = 0;
				GCC_PREPROCESSOR_DEFINITIONS = (
					"DEBUG=1",
					"$(inherited)",
				);
				GCC_WARN_64_TO_32_BIT_CONVERSION = YES;
				GCC_WARN_ABOUT_RETURN_TYPE = YES_ERROR;
				GCC_WARN_UNDECLARED_SELECTOR = YES;
				GCC_WARN_UNINITIALIZED_AUTOS = YES_AGGRESSIVE;
				GCC_WARN_UNUSED_FUNCTION = YES;
				GCC_WARN_UNUSED_VARIABLE = YES;
				IPHONEOS_DEPLOYMENT_TARGET = 13.1;
				MTL_ENABLE_DEBUG_INFO = INCLUDE_SOURCE;
				MTL_FAST_MATH = YES;
				ONLY_ACTIVE_ARCH = YES;
				SDKROOT = iphoneos;
				SWIFT_ACTIVE_COMPILATION_CONDITIONS = DEBUG;
				SWIFT_OPTIMIZATION_LEVEL = "-Onone";
			};
			name = Debug;
		};
		28A6282D23E41EFA0069463A /* Release */ = {
			isa = XCBuildConfiguration;
			buildSettings = {
				ALWAYS_SEARCH_USER_PATHS = NO;
				CLANG_ANALYZER_NONNULL = YES;
				CLANG_ANALYZER_NUMBER_OBJECT_CONVERSION = YES_AGGRESSIVE;
				CLANG_CXX_LANGUAGE_STANDARD = "gnu++14";
				CLANG_CXX_LIBRARY = "libc++";
				CLANG_ENABLE_MODULES = YES;
				CLANG_ENABLE_OBJC_ARC = YES;
				CLANG_ENABLE_OBJC_WEAK = YES;
				CLANG_WARN_BLOCK_CAPTURE_AUTORELEASING = YES;
				CLANG_WARN_BOOL_CONVERSION = YES;
				CLANG_WARN_COMMA = YES;
				CLANG_WARN_CONSTANT_CONVERSION = YES;
				CLANG_WARN_DEPRECATED_OBJC_IMPLEMENTATIONS = YES;
				CLANG_WARN_DIRECT_OBJC_ISA_USAGE = YES_ERROR;
				CLANG_WARN_DOCUMENTATION_COMMENTS = YES;
				CLANG_WARN_EMPTY_BODY = YES;
				CLANG_WARN_ENUM_CONVERSION = YES;
				CLANG_WARN_INFINITE_RECURSION = YES;
				CLANG_WARN_INT_CONVERSION = YES;
				CLANG_WARN_NON_LITERAL_NULL_CONVERSION = YES;
				CLANG_WARN_OBJC_IMPLICIT_RETAIN_SELF = YES;
				CLANG_WARN_OBJC_LITERAL_CONVERSION = YES;
				CLANG_WARN_OBJC_ROOT_CLASS = YES_ERROR;
				CLANG_WARN_RANGE_LOOP_ANALYSIS = YES;
				CLANG_WARN_STRICT_PROTOTYPES = YES;
				CLANG_WARN_SUSPICIOUS_MOVE = YES;
				CLANG_WARN_UNGUARDED_AVAILABILITY = YES_AGGRESSIVE;
				CLANG_WARN_UNREACHABLE_CODE = YES;
				CLANG_WARN__DUPLICATE_METHOD_MATCH = YES;
				COPY_PHASE_STRIP = NO;
				DEBUG_INFORMATION_FORMAT = "dwarf-with-dsym";
				ENABLE_NS_ASSERTIONS = NO;
				ENABLE_STRICT_OBJC_MSGSEND = YES;
				GCC_C_LANGUAGE_STANDARD = gnu11;
				GCC_NO_COMMON_BLOCKS = YES;
				GCC_WARN_64_TO_32_BIT_CONVERSION = YES;
				GCC_WARN_ABOUT_RETURN_TYPE = YES_ERROR;
				GCC_WARN_UNDECLARED_SELECTOR = YES;
				GCC_WARN_UNINITIALIZED_AUTOS = YES_AGGRESSIVE;
				GCC_WARN_UNUSED_FUNCTION = YES;
				GCC_WARN_UNUSED_VARIABLE = YES;
				IPHONEOS_DEPLOYMENT_TARGET = 13.1;
				MTL_ENABLE_DEBUG_INFO = NO;
				MTL_FAST_MATH = YES;
				SDKROOT = iphoneos;
				SWIFT_COMPILATION_MODE = wholemodule;
				SWIFT_OPTIMIZATION_LEVEL = "-O";
				VALIDATE_PRODUCT = YES;
			};
			name = Release;
		};
		28A6282F23E41EFA0069463A /* Debug */ = {
			isa = XCBuildConfiguration;
			buildSettings = {
				ASSETCATALOG_COMPILER_APPICON_NAME = AppIcon;
				CODE_SIGN_STYLE = Automatic;
				INFOPLIST_FILE = "imageview-practice/Info.plist";
				LD_RUNPATH_SEARCH_PATHS = (
					"$(inherited)",
					"@executable_path/Frameworks",
				);
				PRODUCT_BUNDLE_IDENTIFIER = "net.skfo763.imageview-practice";
				PRODUCT_NAME = "$(TARGET_NAME)";
				SWIFT_VERSION = 5.0;
				TARGETED_DEVICE_FAMILY = "1,2";
			};
			name = Debug;
		};
		28A6283023E41EFA0069463A /* Release */ = {
			isa = XCBuildConfiguration;
			buildSettings = {
				ASSETCATALOG_COMPILER_APPICON_NAME = AppIcon;
				CODE_SIGN_STYLE = Automatic;
				INFOPLIST_FILE = "imageview-practice/Info.plist";
				LD_RUNPATH_SEARCH_PATHS = (
					"$(inherited)",
					"@executable_path/Frameworks",
				);
				PRODUCT_BUNDLE_IDENTIFIER = "net.skfo763.imageview-practice";
				PRODUCT_NAME = "$(TARGET_NAME)";
				SWIFT_VERSION = 5.0;
				TARGETED_DEVICE_FAMILY = "1,2";
			};
			name = Release;
		};
/* End XCBuildConfiguration section */

/* Begin XCConfigurationList section */
		28A6281523E41EF70069463A /* Build configuration list for PBXProject "imageview-practice" */ = {
			isa = XCConfigurationList;
			buildConfigurations = (
				28A6282C23E41EFA0069463A /* Debug */,
				28A6282D23E41EFA0069463A /* Release */,
			);
			defaultConfigurationIsVisible = 0;
			defaultConfigurationName = Release;
		};
		28A6282E23E41EFA0069463A /* Build configuration list for PBXNativeTarget "imageview-practice" */ = {
			isa = XCConfigurationList;
			buildConfigurations = (
				28A6282F23E41EFA0069463A /* Debug */,
				28A6283023E41EFA0069463A /* Release */,
			);
			defaultConfigurationIsVisible = 0;
			defaultConfigurationName = Release;
		};
/* End XCConfigurationList section */
	};
	rootObject = 28A6281223E41EF70069463A /* Project object */;
}
